// !$*UTF8*$!
{
	archiveVersion = 1;
	classes = {
	};
	objectVersion = 46;
	objects = {

/* Begin PBXBuildFile section */
		7F53EB201E481F2400728D85 /* ACMainScrollView.m in Sources */ = {isa = PBXBuildFile; fileRef = 7F53EB1F1E481F2400728D85 /* ACMainScrollView.m */; };
		7F53EB231E481FC300728D85 /* ACTopBarView.m in Sources */ = {isa = PBXBuildFile; fileRef = 7F53EB221E481FC300728D85 /* ACTopBarView.m */; };
		7F53EB271E4832D200728D85 /* ACTools.m in Sources */ = {isa = PBXBuildFile; fileRef = 7F53EB261E4832D200728D85 /* ACTools.m */; };
		7F53EB2C1E485B0200728D85 /* ACCommonTableView.m in Sources */ = {isa = PBXBuildFile; fileRef = 7F53EB2B1E485B0200728D85 /* ACCommonTableView.m */; };
		7F53EB311E48846900728D85 /* UIScrollView+CalculateScrollHeight.m in Sources */ = {isa = PBXBuildFile; fileRef = 7F53EB301E48846900728D85 /* UIScrollView+CalculateScrollHeight.m */; };
		7F9F931C1E4AF528007D2EF3 /* ACCommonCollectionView.m in Sources */ = {isa = PBXBuildFile; fileRef = 7F9F931B1E4AF528007D2EF3 /* ACCommonCollectionView.m */; };
		7F9F931F1E4AFABE007D2EF3 /* ACCollectionViewFlowRegularLayout.m in Sources */ = {isa = PBXBuildFile; fileRef = 7F9F931E1E4AFABE007D2EF3 /* ACCollectionViewFlowRegularLayout.m */; };
		7F9F93231E4B133A007D2EF3 /* ACZoomImageView.m in Sources */ = {isa = PBXBuildFile; fileRef = 7F9F93221E4B133A007D2EF3 /* ACZoomImageView.m */; };
		7FB1FEFE1E45C4F4002AEE10 /* main.m in Sources */ = {isa = PBXBuildFile; fileRef = 7FB1FEFD1E45C4F4002AEE10 /* main.m */; };
		7FB1FF011E45C4F4002AEE10 /* AppDelegate.m in Sources */ = {isa = PBXBuildFile; fileRef = 7FB1FF001E45C4F4002AEE10 /* AppDelegate.m */; };
		7FB1FF091E45C4F4002AEE10 /* Assets.xcassets in Resources */ = {isa = PBXBuildFile; fileRef = 7FB1FF081E45C4F4002AEE10 /* Assets.xcassets */; };
		7FB1FF0C1E45C4F4002AEE10 /* LaunchScreen.storyboard in Resources */ = {isa = PBXBuildFile; fileRef = 7FB1FF0A1E45C4F4002AEE10 /* LaunchScreen.storyboard */; };
		7FB1FF161E45CC52002AEE10 /* ACMainViewController.m in Sources */ = {isa = PBXBuildFile; fileRef = 7FB1FF151E45CC52002AEE10 /* ACMainViewController.m */; };
/* End PBXBuildFile section */

/* Begin PBXFileReference section */
		7F53EB1E1E481F2400728D85 /* ACMainScrollView.h */ = {isa = PBXFileReference; fileEncoding = 4; lastKnownFileType = sourcecode.c.h; path = ACMainScrollView.h; sourceTree = "<group>"; };
		7F53EB1F1E481F2400728D85 /* ACMainScrollView.m */ = {isa = PBXFileReference; fileEncoding = 4; lastKnownFileType = sourcecode.c.objc; path = ACMainScrollView.m; sourceTree = "<group>"; };
		7F53EB211E481FC300728D85 /* ACTopBarView.h */ = {isa = PBXFileReference; fileEncoding = 4; lastKnownFileType = sourcecode.c.h; path = ACTopBarView.h; sourceTree = "<group>"; };
		7F53EB221E481FC300728D85 /* ACTopBarView.m */ = {isa = PBXFileReference; fileEncoding = 4; lastKnownFileType = sourcecode.c.objc; path = ACTopBarView.m; sourceTree = "<group>"; };
		7F53EB251E4832D200728D85 /* ACTools.h */ = {isa = PBXFileReference; fileEncoding = 4; lastKnownFileType = sourcecode.c.h; path = ACTools.h; sourceTree = "<group>"; };
		7F53EB261E4832D200728D85 /* ACTools.m */ = {isa = PBXFileReference; fileEncoding = 4; lastKnownFileType = sourcecode.c.objc; path = ACTools.m; sourceTree = "<group>"; };
		7F53EB2A1E485B0200728D85 /* ACCommonTableView.h */ = {isa = PBXFileReference; fileEncoding = 4; lastKnownFileType = sourcecode.c.h; path = ACCommonTableView.h; sourceTree = "<group>"; };
		7F53EB2B1E485B0200728D85 /* ACCommonTableView.m */ = {isa = PBXFileReference; fileEncoding = 4; lastKnownFileType = sourcecode.c.objc; path = ACCommonTableView.m; sourceTree = "<group>"; };
		7F53EB2F1E48846900728D85 /* UIScrollView+CalculateScrollHeight.h */ = {isa = PBXFileReference; fileEncoding = 4; lastKnownFileType = sourcecode.c.h; path = "UIScrollView+CalculateScrollHeight.h"; sourceTree = "<group>"; };
		7F53EB301E48846900728D85 /* UIScrollView+CalculateScrollHeight.m */ = {isa = PBXFileReference; fileEncoding = 4; lastKnownFileType = sourcecode.c.objc; path = "UIScrollView+CalculateScrollHeight.m"; sourceTree = "<group>"; };
		7F9F931A1E4AF528007D2EF3 /* ACCommonCollectionView.h */ = {isa = PBXFileReference; fileEncoding = 4; lastKnownFileType = sourcecode.c.h; path = ACCommonCollectionView.h; sourceTree = "<group>"; };
		7F9F931B1E4AF528007D2EF3 /* ACCommonCollectionView.m */ = {isa = PBXFileReference; fileEncoding = 4; lastKnownFileType = sourcecode.c.objc; path = ACCommonCollectionView.m; sourceTree = "<group>"; };
		7F9F931D1E4AFABE007D2EF3 /* ACCollectionViewFlowRegularLayout.h */ = {isa = PBXFileReference; fileEncoding = 4; lastKnownFileType = sourcecode.c.h; path = ACCollectionViewFlowRegularLayout.h; sourceTree = "<group>"; };
		7F9F931E1E4AFABE007D2EF3 /* ACCollectionViewFlowRegularLayout.m */ = {isa = PBXFileReference; fileEncoding = 4; lastKnownFileType = sourcecode.c.objc; path = ACCollectionViewFlowRegularLayout.m; sourceTree = "<group>"; };
		7F9F93211E4B133A007D2EF3 /* ACZoomImageView.h */ = {isa = PBXFileReference; fileEncoding = 4; lastKnownFileType = sourcecode.c.h; path = ACZoomImageView.h; sourceTree = "<group>"; };
		7F9F93221E4B133A007D2EF3 /* ACZoomImageView.m */ = {isa = PBXFileReference; fileEncoding = 4; lastKnownFileType = sourcecode.c.objc; path = ACZoomImageView.m; sourceTree = "<group>"; };
		7FB1FEF91E45C4F4002AEE10 /* ACSwipView.app */ = {isa = PBXFileReference; explicitFileType = wrapper.application; includeInIndex = 0; path = ACSwipView.app; sourceTree = BUILT_PRODUCTS_DIR; };
		7FB1FEFD1E45C4F4002AEE10 /* main.m */ = {isa = PBXFileReference; lastKnownFileType = sourcecode.c.objc; path = main.m; sourceTree = "<group>"; };
		7FB1FEFF1E45C4F4002AEE10 /* AppDelegate.h */ = {isa = PBXFileReference; lastKnownFileType = sourcecode.c.h; path = AppDelegate.h; sourceTree = "<group>"; };
		7FB1FF001E45C4F4002AEE10 /* AppDelegate.m */ = {isa = PBXFileReference; lastKnownFileType = sourcecode.c.objc; path = AppDelegate.m; sourceTree = "<group>"; };
		7FB1FF081E45C4F4002AEE10 /* Assets.xcassets */ = {isa = PBXFileReference; lastKnownFileType = folder.assetcatalog; path = Assets.xcassets; sourceTree = "<group>"; };
		7FB1FF0B1E45C4F4002AEE10 /* Base */ = {isa = PBXFileReference; lastKnownFileType = file.storyboard; name = Base; path = Base.lproj/LaunchScreen.storyboard; sourceTree = "<group>"; };
		7FB1FF0D1E45C4F4002AEE10 /* Info.plist */ = {isa = PBXFileReference; lastKnownFileType = text.plist.xml; path = Info.plist; sourceTree = "<group>"; };
		7FB1FF141E45CC52002AEE10 /* ACMainViewController.h */ = {isa = PBXFileReference; fileEncoding = 4; lastKnownFileType = sourcecode.c.h; path = ACMainViewController.h; sourceTree = "<group>"; };
		7FB1FF151E45CC52002AEE10 /* ACMainViewController.m */ = {isa = PBXFileReference; fileEncoding = 4; lastKnownFileType = sourcecode.c.objc; path = ACMainViewController.m; sourceTree = "<group>"; };
		7FB1FF1A1E45CEAC002AEE10 /* GoldHeader.h */ = {isa = PBXFileReference; lastKnownFileType = sourcecode.c.h; path = GoldHeader.h; sourceTree = "<group>"; };
/* End PBXFileReference section */

/* Begin PBXFrameworksBuildPhase section */
		7FB1FEF61E45C4F4002AEE10 /* Frameworks */ = {
			isa = PBXFrameworksBuildPhase;
			buildActionMask = 2147483647;
			files = (
			);
			runOnlyForDeploymentPostprocessing = 0;
		};
/* End PBXFrameworksBuildPhase section */

/* Begin PBXGroup section */
		7FB1FEF01E45C4F4002AEE10 = {
			isa = PBXGroup;
			children = (
				7FB1FEFB1E45C4F4002AEE10 /* ACSwipView */,
				7FB1FEFA1E45C4F4002AEE10 /* Products */,
			);
			sourceTree = "<group>";
		};
		7FB1FEFA1E45C4F4002AEE10 /* Products */ = {
			isa = PBXGroup;
			children = (
				7FB1FEF91E45C4F4002AEE10 /* ACSwipView.app */,
			);
			name = Products;
			sourceTree = "<group>";
		};
		7FB1FEFB1E45C4F4002AEE10 /* ACSwipView */ = {
			isa = PBXGroup;
			children = (
				7FB1FEFF1E45C4F4002AEE10 /* AppDelegate.h */,
				7FB1FF001E45C4F4002AEE10 /* AppDelegate.m */,
				7FB1FF131E45CC2A002AEE10 /* ACMain */,
				7FB1FF081E45C4F4002AEE10 /* Assets.xcassets */,
				7FB1FF0A1E45C4F4002AEE10 /* LaunchScreen.storyboard */,
				7FB1FF0D1E45C4F4002AEE10 /* Info.plist */,
				7FB1FEFC1E45C4F4002AEE10 /* Supporting Files */,
			);
			path = ACSwipView;
			sourceTree = "<group>";
		};
		7FB1FEFC1E45C4F4002AEE10 /* Supporting Files */ = {
			isa = PBXGroup;
			children = (
				7FB1FEFD1E45C4F4002AEE10 /* main.m */,
			);
			name = "Supporting Files";
			sourceTree = "<group>";
		};
		7FB1FF131E45CC2A002AEE10 /* ACMain */ = {
			isa = PBXGroup;
			children = (
				7FB1FF141E45CC52002AEE10 /* ACMainViewController.h */,
				7FB1FF151E45CC52002AEE10 /* ACMainViewController.m */,
				7F9F93211E4B133A007D2EF3 /* ACZoomImageView.h */,
				7F9F93221E4B133A007D2EF3 /* ACZoomImageView.m */,
				7F53EB1E1E481F2400728D85 /* ACMainScrollView.h */,
				7F53EB1F1E481F2400728D85 /* ACMainScrollView.m */,
				7F53EB211E481FC300728D85 /* ACTopBarView.h */,
				7F53EB221E481FC300728D85 /* ACTopBarView.m */,
				7F53EB2A1E485B0200728D85 /* ACCommonTableView.h */,
				7F53EB2B1E485B0200728D85 /* ACCommonTableView.m */,
				7F9F931A1E4AF528007D2EF3 /* ACCommonCollectionView.h */,
				7F9F931B1E4AF528007D2EF3 /* ACCommonCollectionView.m */,
				7F9F931D1E4AFABE007D2EF3 /* ACCollectionViewFlowRegularLayout.h */,
				7F9F931E1E4AFABE007D2EF3 /* ACCollectionViewFlowRegularLayout.m */,
				7F53EB2F1E48846900728D85 /* UIScrollView+CalculateScrollHeight.h */,
				7F53EB301E48846900728D85 /* UIScrollView+CalculateScrollHeight.m */,
				7FB1FF1A1E45CEAC002AEE10 /* GoldHeader.h */,
				7F53EB251E4832D200728D85 /* ACTools.h */,
				7F53EB261E4832D200728D85 /* ACTools.m */,
			);
			path = ACMain;
			sourceTree = "<group>";
		};
/* End PBXGroup section */

/* Begin PBXNativeTarget section */
		7FB1FEF81E45C4F4002AEE10 /* ACSwipView */ = {
			isa = PBXNativeTarget;
			buildConfigurationList = 7FB1FF101E45C4F4002AEE10 /* Build configuration list for PBXNativeTarget "ACSwipView" */;
			buildPhases = (
				7FB1FEF51E45C4F4002AEE10 /* Sources */,
				7FB1FEF61E45C4F4002AEE10 /* Frameworks */,
				7FB1FEF71E45C4F4002AEE10 /* Resources */,
			);
			buildRules = (
			);
			dependencies = (
			);
			name = ACSwipView;
			productName = ACSwipView;
			productReference = 7FB1FEF91E45C4F4002AEE10 /* ACSwipView.app */;
			productType = "com.apple.product-type.application";
		};
/* End PBXNativeTarget section */

/* Begin PBXProject section */
		7FB1FEF11E45C4F4002AEE10 /* Project object */ = {
			isa = PBXProject;
			attributes = {
				LastUpgradeCheck = 0820;
				ORGANIZATIONNAME = AirChen;
				TargetAttributes = {
					7FB1FEF81E45C4F4002AEE10 = {
						CreatedOnToolsVersion = 8.2.1;
						ProvisioningStyle = Automatic;
					};
				};
			};
			buildConfigurationList = 7FB1FEF41E45C4F4002AEE10 /* Build configuration list for PBXProject "ACSwipView" */;
			compatibilityVersion = "Xcode 3.2";
			developmentRegion = English;
			hasScannedForEncodings = 0;
			knownRegions = (
				en,
				Base,
			);
			mainGroup = 7FB1FEF01E45C4F4002AEE10;
			productRefGroup = 7FB1FEFA1E45C4F4002AEE10 /* Products */;
			projectDirPath = "";
			projectRoot = "";
			targets = (
				7FB1FEF81E45C4F4002AEE10 /* ACSwipView */,
			);
		};
/* End PBXProject section */

/* Begin PBXResourcesBuildPhase section */
		7FB1FEF71E45C4F4002AEE10 /* Resources */ = {
			isa = PBXResourcesBuildPhase;
			buildActionMask = 2147483647;
			files = (
				7FB1FF0C1E45C4F4002AEE10 /* LaunchScreen.storyboard in Resources */,
				7FB1FF091E45C4F4002AEE10 /* Assets.xcassets in Resources */,
			);
			runOnlyForDeploymentPostprocessing = 0;
		};
/* End PBXResourcesBuildPhase section */

/* Begin PBXSourcesBuildPhase section */
		7FB1FEF51E45C4F4002AEE10 /* Sources */ = {
			isa = PBXSourcesBuildPhase;
			buildActionMask = 2147483647;
			files = (
				7F53EB311E48846900728D85 /* UIScrollView+CalculateScrollHeight.m in Sources */,
				7F9F931F1E4AFABE007D2EF3 /* ACCollectionViewFlowRegularLayout.m in Sources */,
				7F9F931C1E4AF528007D2EF3 /* ACCommonCollectionView.m in Sources */,
				7F53EB201E481F2400728D85 /* ACMainScrollView.m in Sources */,
				7F53EB271E4832D200728D85 /* ACTools.m in Sources */,
				7FB1FF161E45CC52002AEE10 /* ACMainViewController.m in Sources */,
				7FB1FF011E45C4F4002AEE10 /* AppDelegate.m in Sources */,
				7F53EB2C1E485B0200728D85 /* ACCommonTableView.m in Sources */,
				7FB1FEFE1E45C4F4002AEE10 /* main.m in Sources */,
				7F9F93231E4B133A007D2EF3 /* ACZoomImageView.m in Sources */,
				7F53EB231E481FC300728D85 /* ACTopBarView.m in Sources */,
			);
			runOnlyForDeploymentPostprocessing = 0;
		};
/* End PBXSourcesBuildPhase section */

/* Begin PBXVariantGroup section */
		7FB1FF0A1E45C4F4002AEE10 /* LaunchScreen.storyboard */ = {
			isa = PBXVariantGroup;
			children = (
				7FB1FF0B1E45C4F4002AEE10 /* Base */,
			);
			name = LaunchScreen.storyboard;
			sourceTree = "<group>";
		};
/* End PBXVariantGroup section */

/* Begin XCBuildConfiguration section */
		7FB1FF0E1E45C4F4002AEE10 /* Debug */ = {
			isa = XCBuildConfiguration;
			buildSettings = {
				ALWAYS_SEARCH_USER_PATHS = NO;
				CLANG_ANALYZER_NONNULL = YES;
				CLANG_CXX_LANGUAGE_STANDARD = "gnu++0x";
				CLANG_CXX_LIBRARY = "libc++";
				CLANG_ENABLE_MODULES = YES;
				CLANG_ENABLE_OBJC_ARC = YES;
				CLANG_WARN_BOOL_CONVERSION = YES;
				CLANG_WARN_CONSTANT_CONVERSION = YES;
				CLANG_WARN_DIRECT_OBJC_ISA_USAGE = YES_ERROR;
				CLANG_WARN_DOCUMENTATION_COMMENTS = YES;
				CLANG_WARN_EMPTY_BODY = YES;
				CLANG_WARN_ENUM_CONVERSION = YES;
				CLANG_WARN_INFINITE_RECURSION = YES;
				CLANG_WARN_INT_CONVERSION = YES;
				CLANG_WARN_OBJC_ROOT_CLASS = YES_ERROR;
				CLANG_WARN_SUSPICIOUS_MOVE = YES;
				CLANG_WARN_UNREACHABLE_CODE = YES;
				CLANG_WARN__DUPLICATE_METHOD_MATCH = YES;
				"CODE_SIGN_IDENTITY[sdk=iphoneos*]" = "iPhone Developer";
				COPY_PHASE_STRIP = NO;
				DEBUG_INFORMATION_FORMAT = dwarf;
				ENABLE_STRICT_OBJC_MSGSEND = YES;
				ENABLE_TESTABILITY = YES;
				GCC_C_LANGUAGE_STANDARD = gnu99;
				GCC_DYNAMIC_NO_PIC = NO;
				GCC_NO_COMMON_BLOCKS = YES;
				GCC_OPTIMIZATION_LEVEL = 0;
				GCC_PREPROCESSOR_DEFINITIONS = (
					"DEBUG=1",
					"$(inherited)",
				);
				GCC_WARN_64_TO_32_BIT_CONVERSION = YES;
				GCC_WARN_ABOUT_RETURN_TYPE = YES_ERROR;
				GCC_WARN_UNDECLARED_SELECTOR = YES;
				GCC_WARN_UNINITIALIZED_AUTOS = YES_AGGRESSIVE;
				GCC_WARN_UNUSED_FUNCTION = YES;
				GCC_WARN_UNUSED_VARIABLE = YES;
				IPHONEOS_DEPLOYMENT_TARGET = 10.2;
				MTL_ENABLE_DEBUG_INFO = YES;
				ONLY_ACTIVE_ARCH = YES;
				SDKROOT = iphoneos;
				TARGETED_DEVICE_FAMILY = "1,2";
			};
			name = Debug;
		};
		7FB1FF0F1E45C4F4002AEE10 /* Release */ = {
			isa = XCBuildConfiguration;
			buildSettings = {
				ALWAYS_SEARCH_USER_PATHS = NO;
				CLANG_ANALYZER_NONNULL = YES;
				CLANG_CXX_LANGUAGE_STANDARD = "gnu++0x";
				CLANG_CXX_LIBRARY = "libc++";
				CLANG_ENABLE_MODULES = YES;
				CLANG_ENABLE_OBJC_ARC = YES;
				CLANG_WARN_BOOL_CONVERSION = YES;
				CLANG_WARN_CONSTANT_CONVERSION = YES;
				CLANG_WARN_DIRECT_OBJC_ISA_USAGE = YES_ERROR;
				CLANG_WARN_DOCUMENTATION_COMMENTS = YES;
				CLANG_WARN_EMPTY_BODY = YES;
				CLANG_WARN_ENUM_CONVERSION = YES;
				CLANG_WARN_INFINITE_RECURSION = YES;
				CLANG_WARN_INT_CONVERSION = YES;
				CLANG_WARN_OBJC_ROOT_CLASS = YES_ERROR;
				CLANG_WARN_SUSPICIOUS_MOVE = YES;
				CLANG_WARN_UNREACHABLE_CODE = YES;
				CLANG_WARN__DUPLICATE_METHOD_MATCH = YES;
				"CODE_SIGN_IDENTITY[sdk=iphoneos*]" = "iPhone Developer";
				COPY_PHASE_STRIP = NO;
				DEBUG_INFORMATION_FORMAT = "dwarf-with-dsym";
				ENABLE_NS_ASSERTIONS = NO;
				ENABLE_STRICT_OBJC_MSGSEND = YES;
				GCC_C_LANGUAGE_STANDARD = gnu99;
				GCC_NO_COMMON_BLOCKS = YES;
				GCC_WARN_64_TO_32_BIT_CONVERSION = YES;
				GCC_WARN_ABOUT_RETURN_TYPE = YES_ERROR;
				GCC_WARN_UNDECLARED_SELECTOR = YES;
				GCC_WARN_UNINITIALIZED_AUTOS = YES_AGGRESSIVE;
				GCC_WARN_UNUSED_FUNCTION = YES;
				GCC_WARN_UNUSED_VARIABLE = YES;
				IPHONEOS_DEPLOYMENT_TARGET = 10.2;
				MTL_ENABLE_DEBUG_INFO = NO;
				SDKROOT = iphoneos;
				TARGETED_DEVICE_FAMILY = "1,2";
				VALIDATE_PRODUCT = YES;
			};
			name = Release;
		};
		7FB1FF111E45C4F4002AEE10 /* Debug */ = {
			isa = XCBuildConfiguration;
			buildSettings = {
				ASSETCATALOG_COMPILER_APPICON_NAME = AppIcon;
				INFOPLIST_FILE = ACSwipView/Info.plist;
				LD_RUNPATH_SEARCH_PATHS = "$(inherited) @executable_path/Frameworks";
				PRODUCT_BUNDLE_IDENTIFIER = ac.ACSwipView;
				PRODUCT_NAME = "$(TARGET_NAME)";
			};
			name = Debug;
		};
		7FB1FF121E45C4F4002AEE10 /* Release */ = {
			isa = XCBuildConfiguration;
			buildSettings = {
				ASSETCATALOG_COMPILER_APPICON_NAME = AppIcon;
				INFOPLIST_FILE = ACSwipView/Info.plist;
				LD_RUNPATH_SEARCH_PATHS = "$(inherited) @executable_path/Frameworks";
				PRODUCT_BUNDLE_IDENTIFIER = ac.ACSwipView;
				PRODUCT_NAME = "$(TARGET_NAME)";
			};
			name = Release;
		};
/* End XCBuildConfiguration section */

/* Begin XCConfigurationList section */
		7FB1FEF41E45C4F4002AEE10 /* Build configuration list for PBXProject "ACSwipView" */ = {
			isa = XCConfigurationList;
			buildConfigurations = (
				7FB1FF0E1E45C4F4002AEE10 /* Debug */,
				7FB1FF0F1E45C4F4002AEE10 /* Release */,
			);
			defaultConfigurationIsVisible = 0;
			defaultConfigurationName = Release;
		};
		7FB1FF101E45C4F4002AEE10 /* Build configuration list for PBXNativeTarget "ACSwipView" */ = {
			isa = XCConfigurationList;
			buildConfigurations = (
				7FB1FF111E45C4F4002AEE10 /* Debug */,
				7FB1FF121E45C4F4002AEE10 /* Release */,
			);
			defaultConfigurationIsVisible = 0;
			defaultConfigurationName = Release;
		};
/* End XCConfigurationList section */
	};
	rootObject = 7FB1FEF11E45C4F4002AEE10 /* Project object */;
}
